
Microsoft Visual Studio Solution File, Format Version 12.00
# Visual Studio Version 16
VisualStudioVersion = 16.0.809.9
MinimumVisualStudioVersion = 10.0.40219.1
Project("{FAE04EC0-301F-11D3-BF4B-00C04F79EFBC}") = "QmcDecoder", "QmcDecoder\QmcDecoder.csproj", "{C3AA1F5A-941A-4FD8-AEF3-731A5BBDBFFF}"
EndProject
Global
	GlobalSection(SolutionConfigurationPlatforms) = preSolution
		Debug|Any CPU = Debug|Any CPU
		Release|Any CPU = Release|Any CPU
	EndGlobalSection
	GlobalSection(ProjectConfigurationPlatforms) = postSolution
		{C3AA1F5A-941A-4FD8-AEF3-731A5BBDBFFF}.Debug|Any CPU.ActiveCfg = Debug|Any CPU
		{C3AA1F5A-941A-4FD8-AEF3-731A5BBDBFFF}.Debug|Any CPU.Build.0 = Debug|Any CPU
		{C3AA1F5A-941A-4FD8-AEF3-731A5BBDBFFF}.Release|Any CPU.ActiveCfg = Release|Any CPU
		{C3AA1F5A-941A-4FD8-AEF3-731A5BBDBFFF}.Release|Any CPU.Build.0 = Release|Any CPU
	EndGlobalSection
	GlobalSection(SolutionProperties) = preSolution
		HideSolutionNode = FALSE
	EndGlobalSection
	GlobalSection(ExtensibilityGlobals) = postSolution
		SolutionGuid = {9E2BC081-22B1-4489-95C2-705DF3010C09}
	EndGlobalSection
EndGlobal
